
Microsoft Visual Studio Solution File, Format Version 12.00
# Visual Studio 15
VisualStudioVersion = 15.0.28307.168
MinimumVisualStudioVersion = 10.0.40219.1
Project("{FAE04EC0-301F-11D3-BF4B-00C04F79EFBC}") = "SpareGris", "SpareGris\SpareGris.csproj", "{64C1F73C-350D-40F4-9553-B7D78E808A61}"
EndProject
Global
	GlobalSection(SolutionConfigurationPlatforms) = preSolution
		Debug|Any CPU = Debug|Any CPU
		Release|Any CPU = Release|Any CPU
	EndGlobalSection
	GlobalSection(ProjectConfigurationPlatforms) = postSolution
		{64C1F73C-350D-40F4-9553-B7D78E808A61}.Debug|Any CPU.ActiveCfg = Debug|Any CPU
		{64C1F73C-350D-40F4-9553-B7D78E808A61}.Debug|Any CPU.Build.0 = Debug|Any CPU
		{64C1F73C-350D-40F4-9553-B7D78E808A61}.Release|Any CPU.ActiveCfg = Release|Any CPU
		{64C1F73C-350D-40F4-9553-B7D78E808A61}.Release|Any CPU.Build.0 = Release|Any CPU
	EndGlobalSection
	GlobalSection(SolutionProperties) = preSolution
		HideSolutionNode = FALSE
	EndGlobalSection
	GlobalSection(ExtensibilityGlobals) = postSolution
		SolutionGuid = {37FE1811-AB9F-4783-8BDB-7D3BDD3217C0}
	EndGlobalSection
EndGlobal
