
Microsoft Visual Studio Solution File, Format Version 12.00
# Visual Studio 15
VisualStudioVersion = 15.0.28307.539
MinimumVisualStudioVersion = 10.0.40219.1
Project("{FAE04EC0-301F-11D3-BF4B-00C04F79EFBC}") = "PipeClient", "NamedPipe\PipeClient.csproj", "{CBC19798-671F-44B6-913A-46818FC7D0D6}"
EndProject
Project("{FAE04EC0-301F-11D3-BF4B-00C04F79EFBC}") = "PipeServer", "PipeServer\PipeServer.csproj", "{79CF8D51-D3AC-4FAA-AE9A-D9D3DC622288}"
EndProject
Global
	GlobalSection(SolutionConfigurationPlatforms) = preSolution
		Debug|Any CPU = Debug|Any CPU
		Release|Any CPU = Release|Any CPU
	EndGlobalSection
	GlobalSection(ProjectConfigurationPlatforms) = postSolution
		{CBC19798-671F-44B6-913A-46818FC7D0D6}.Debug|Any CPU.ActiveCfg = Debug|Any CPU
		{CBC19798-671F-44B6-913A-46818FC7D0D6}.Debug|Any CPU.Build.0 = Debug|Any CPU
		{CBC19798-671F-44B6-913A-46818FC7D0D6}.Release|Any CPU.ActiveCfg = Release|Any CPU
		{CBC19798-671F-44B6-913A-46818FC7D0D6}.Release|Any CPU.Build.0 = Release|Any CPU
		{79CF8D51-D3AC-4FAA-AE9A-D9D3DC622288}.Debug|Any CPU.ActiveCfg = Debug|Any CPU
		{79CF8D51-D3AC-4FAA-AE9A-D9D3DC622288}.Debug|Any CPU.Build.0 = Debug|Any CPU
		{79CF8D51-D3AC-4FAA-AE9A-D9D3DC622288}.Release|Any CPU.ActiveCfg = Release|Any CPU
		{79CF8D51-D3AC-4FAA-AE9A-D9D3DC622288}.Release|Any CPU.Build.0 = Release|Any CPU
	EndGlobalSection
	GlobalSection(SolutionProperties) = preSolution
		HideSolutionNode = FALSE
	EndGlobalSection
	GlobalSection(ExtensibilityGlobals) = postSolution
		SolutionGuid = {68393DAD-CF0A-460E-B056-A32FE20F8511}
	EndGlobalSection
EndGlobal
