
Microsoft Visual Studio Solution File, Format Version 12.00
# Visual Studio Version 16
VisualStudioVersion = 16.0.29411.108
MinimumVisualStudioVersion = 10.0.40219.1
Project("{FAE04EC0-301F-11D3-BF4B-00C04F79EFBC}") = "MovieApiExercise", "MovieApiExercise.csproj", "{5503D90C-5477-4EB5-94B1-2C7D8FB05E43}"
EndProject
Global
	GlobalSection(SolutionConfigurationPlatforms) = preSolution
		Debug|Any CPU = Debug|Any CPU
		Release|Any CPU = Release|Any CPU
	EndGlobalSection
	GlobalSection(ProjectConfigurationPlatforms) = postSolution
		{5503D90C-5477-4EB5-94B1-2C7D8FB05E43}.Debug|Any CPU.ActiveCfg = Debug|Any CPU
		{5503D90C-5477-4EB5-94B1-2C7D8FB05E43}.Debug|Any CPU.Build.0 = Debug|Any CPU
		{5503D90C-5477-4EB5-94B1-2C7D8FB05E43}.Release|Any CPU.ActiveCfg = Release|Any CPU
		{5503D90C-5477-4EB5-94B1-2C7D8FB05E43}.Release|Any CPU.Build.0 = Release|Any CPU
	EndGlobalSection
	GlobalSection(SolutionProperties) = preSolution
		HideSolutionNode = FALSE
	EndGlobalSection
	GlobalSection(ExtensibilityGlobals) = postSolution
		SolutionGuid = {211DDF0E-5D84-400F-9B8B-C8DE3FE366FB}
	EndGlobalSection
EndGlobal
