
Microsoft Visual Studio Solution File, Format Version 12.00
# Visual Studio Version 16
VisualStudioVersion = 16.0.29503.13
MinimumVisualStudioVersion = 10.0.40219.1
Project("{9A19103F-16F7-4668-BE54-9A1E7A4F7556}") = "NewsFeed2API", "NewsFeed2API.csproj", "{BA723C86-F5D0-43BD-8938-87068A1513F9}"
EndProject
Global
	GlobalSection(SolutionConfigurationPlatforms) = preSolution
		Debug|Any CPU = Debug|Any CPU
		Release|Any CPU = Release|Any CPU
	EndGlobalSection
	GlobalSection(ProjectConfigurationPlatforms) = postSolution
		{BA723C86-F5D0-43BD-8938-87068A1513F9}.Debug|Any CPU.ActiveCfg = Debug|Any CPU
		{BA723C86-F5D0-43BD-8938-87068A1513F9}.Debug|Any CPU.Build.0 = Debug|Any CPU
		{BA723C86-F5D0-43BD-8938-87068A1513F9}.Release|Any CPU.ActiveCfg = Release|Any CPU
		{BA723C86-F5D0-43BD-8938-87068A1513F9}.Release|Any CPU.Build.0 = Release|Any CPU
	EndGlobalSection
	GlobalSection(SolutionProperties) = preSolution
		HideSolutionNode = FALSE
	EndGlobalSection
	GlobalSection(ExtensibilityGlobals) = postSolution
		SolutionGuid = {43BF540E-B655-4EA7-9D33-BCB942A9CC83}
	EndGlobalSection
EndGlobal
