
Microsoft Visual Studio Solution File, Format Version 12.00
# Visual Studio 15
VisualStudioVersion = 15.0.28307.438
MinimumVisualStudioVersion = 10.0.40219.1
Project("{FAE04EC0-301F-11D3-BF4B-00C04F79EFBC}") = "ExtensionMethodExercise", "ExtensionMethodExercise\ExtensionMethodExercise.csproj", "{0B0B62B4-86B1-47BA-B342-7EF40BAD2BE7}"
EndProject
Project("{FAE04EC0-301F-11D3-BF4B-00C04F79EFBC}") = "UnitTestProject1", "UnitTestProject1\UnitTestProject1.csproj", "{1A0CB6D0-6201-4587-8785-B76BB20CD553}"
EndProject
Global
	GlobalSection(SolutionConfigurationPlatforms) = preSolution
		Debug|Any CPU = Debug|Any CPU
		Release|Any CPU = Release|Any CPU
	EndGlobalSection
	GlobalSection(ProjectConfigurationPlatforms) = postSolution
		{0B0B62B4-86B1-47BA-B342-7EF40BAD2BE7}.Debug|Any CPU.ActiveCfg = Debug|Any CPU
		{0B0B62B4-86B1-47BA-B342-7EF40BAD2BE7}.Debug|Any CPU.Build.0 = Debug|Any CPU
		{0B0B62B4-86B1-47BA-B342-7EF40BAD2BE7}.Release|Any CPU.ActiveCfg = Release|Any CPU
		{0B0B62B4-86B1-47BA-B342-7EF40BAD2BE7}.Release|Any CPU.Build.0 = Release|Any CPU
		{1A0CB6D0-6201-4587-8785-B76BB20CD553}.Debug|Any CPU.ActiveCfg = Debug|Any CPU
		{1A0CB6D0-6201-4587-8785-B76BB20CD553}.Debug|Any CPU.Build.0 = Debug|Any CPU
		{1A0CB6D0-6201-4587-8785-B76BB20CD553}.Release|Any CPU.ActiveCfg = Release|Any CPU
		{1A0CB6D0-6201-4587-8785-B76BB20CD553}.Release|Any CPU.Build.0 = Release|Any CPU
	EndGlobalSection
	GlobalSection(SolutionProperties) = preSolution
		HideSolutionNode = FALSE
	EndGlobalSection
	GlobalSection(ExtensibilityGlobals) = postSolution
		SolutionGuid = {9FB45AFF-41A2-43F3-8A2F-B1E5FE3C73A2}
	EndGlobalSection
EndGlobal
